
Microsoft Visual Studio Solution File, Format Version 12.00
# Visual Studio Version 16
VisualStudioVersion = 16.0.30204.135
MinimumVisualStudioVersion = 10.0.40219.1
Project("{FAE04EC0-301F-11D3-BF4B-00C04F79EFBC}") = "MySecondApp", "MySecondApp\MySecondApp.csproj", "{7548EC69-D33E-4A5D-A332-F118A410DC23}"
EndProject
Project("{FAE04EC0-301F-11D3-BF4B-00C04F79EFBC}") = "MySecondApp.Android", "MySecondApp.Android\MySecondApp.Android.csproj", "{DD1A7DCD-2DFF-452C-910D-C0AF27ECE59C}"
EndProject
Global
	GlobalSection(SolutionConfigurationPlatforms) = preSolution
		Debug|Any CPU = Debug|Any CPU
		Release|Any CPU = Release|Any CPU
	EndGlobalSection
	GlobalSection(ProjectConfigurationPlatforms) = postSolution
		{7548EC69-D33E-4A5D-A332-F118A410DC23}.Debug|Any CPU.ActiveCfg = Debug|Any CPU
		{7548EC69-D33E-4A5D-A332-F118A410DC23}.Debug|Any CPU.Build.0 = Debug|Any CPU
		{7548EC69-D33E-4A5D-A332-F118A410DC23}.Release|Any CPU.ActiveCfg = Release|Any CPU
		{7548EC69-D33E-4A5D-A332-F118A410DC23}.Release|Any CPU.Build.0 = Release|Any CPU
		{DD1A7DCD-2DFF-452C-910D-C0AF27ECE59C}.Debug|Any CPU.ActiveCfg = Debug|Any CPU
		{DD1A7DCD-2DFF-452C-910D-C0AF27ECE59C}.Debug|Any CPU.Build.0 = Debug|Any CPU
		{DD1A7DCD-2DFF-452C-910D-C0AF27ECE59C}.Debug|Any CPU.Deploy.0 = Debug|Any CPU
		{DD1A7DCD-2DFF-452C-910D-C0AF27ECE59C}.Release|Any CPU.ActiveCfg = Release|Any CPU
		{DD1A7DCD-2DFF-452C-910D-C0AF27ECE59C}.Release|Any CPU.Build.0 = Release|Any CPU
		{DD1A7DCD-2DFF-452C-910D-C0AF27ECE59C}.Release|Any CPU.Deploy.0 = Release|Any CPU
	EndGlobalSection
	GlobalSection(SolutionProperties) = preSolution
		HideSolutionNode = FALSE
	EndGlobalSection
	GlobalSection(ExtensibilityGlobals) = postSolution
		SolutionGuid = {60C5C816-8B93-4A28-8BFB-F4CEE068C5A9}
	EndGlobalSection
EndGlobal
